github.com/heksagonnet/piko v0.0.0-20230326021046-49fea5abb244 h1:IPWBCLrfjgsSCWlQrBFsx+jrN6uwPIZHsUJPfO8dljo=
github.com/heksagonnet/piko v0.0.0-20230326021046-49fea5abb244/go.mod h1:K9bQj9HUsiHibb39rUaeq48V5QpwLE/eTEayHBBH7Do=
github.com/panr/hugo-theme-hello-friend v0.0.0-20230610160555-05c4ecfd03d7 h1:zkDQoKhysQ1amFrZs1uQoShmDLQUvUF9pf3eAkXNdqI=
github.com/panr/hugo-theme-hello-friend v0.0.0-20230610160555-05c4ecfd03d7/go.mod h1:JIa0X0X//YWawD537HytHDdYUhl4TtOMRx+HCMJXEc4=
